
Microsoft Visual Studio Solution File, Format Version 12.00
# Visual Studio Version 17
VisualStudioVersion = 17.12.35527.113
MinimumVisualStudioVersion = 10.0.40219.1
Project("{8BC9CEB8-8B4A-11D0-8D11-00A0C91BC942}") = "TestApp", "TestApp\TestApp.vcxproj", "{33D4DB7F-F758-4710-9432-F22126D6CF9F}"
EndProject
Project("{8BC9CEB8-8B4A-11D0-8D11-00A0C91BC942}") = "PluginBase", "PluginBase\PluginBase.vcxproj", "{C5AD8CD8-BBB8-4AD4-88F0-838E2AC522BB}"
EndProject
Project("{8BC9CEB8-8B4A-11D0-8D11-00A0C91BC942}") = "TestPluginA", "TestPluginA\TestPluginA.vcxproj", "{094FEC27-884A-4FA1-8D57-5E7BBD5A8710}"
EndProject
Project("{2150E333-8FDC-42A3-9474-1A3956D46DE8}") = "0 -Test", "0 -Test", "{688F1610-F70D-483F-A892-677A178E5F5C}"
EndProject
Project("{2150E333-8FDC-42A3-9474-1A3956D46DE8}") = "1 - SDK", "1 - SDK", "{20A66410-B801-433E-891C-9B7EEA7A7212}"
EndProject
Project("{8BC9CEB8-8B4A-11D0-8D11-00A0C91BC942}") = "PluginCore", "PluginCore\PluginCore.vcxproj", "{1CB155E2-38C5-4A08-B14F-BA46BC022B2F}"
EndProject
Project("{8BC9CEB8-8B4A-11D0-8D11-00A0C91BC942}") = "PluginSystem", "PluginSystem\PluginSystem.vcxproj", "{CFC304E5-34EC-4EA5-B1C8-F223E8BD31DF}"
EndProject
Global
	GlobalSection(SolutionConfigurationPlatforms) = preSolution
		Debug|x64 = Debug|x64
		Debug|x86 = Debug|x86
		Release|x64 = Release|x64
		Release|x86 = Release|x86
	EndGlobalSection
	GlobalSection(ProjectConfigurationPlatforms) = postSolution
		{33D4DB7F-F758-4710-9432-F22126D6CF9F}.Debug|x64.ActiveCfg = Debug|x64
		{33D4DB7F-F758-4710-9432-F22126D6CF9F}.Debug|x64.Build.0 = Debug|x64
		{33D4DB7F-F758-4710-9432-F22126D6CF9F}.Debug|x86.ActiveCfg = Debug|Win32
		{33D4DB7F-F758-4710-9432-F22126D6CF9F}.Debug|x86.Build.0 = Debug|Win32
		{33D4DB7F-F758-4710-9432-F22126D6CF9F}.Release|x64.ActiveCfg = Release|x64
		{33D4DB7F-F758-4710-9432-F22126D6CF9F}.Release|x64.Build.0 = Release|x64
		{33D4DB7F-F758-4710-9432-F22126D6CF9F}.Release|x86.ActiveCfg = Release|Win32
		{33D4DB7F-F758-4710-9432-F22126D6CF9F}.Release|x86.Build.0 = Release|Win32
		{C5AD8CD8-BBB8-4AD4-88F0-838E2AC522BB}.Debug|x64.ActiveCfg = Debug|x64
		{C5AD8CD8-BBB8-4AD4-88F0-838E2AC522BB}.Debug|x64.Build.0 = Debug|x64
		{C5AD8CD8-BBB8-4AD4-88F0-838E2AC522BB}.Debug|x86.ActiveCfg = Debug|Win32
		{C5AD8CD8-BBB8-4AD4-88F0-838E2AC522BB}.Debug|x86.Build.0 = Debug|Win32
		{C5AD8CD8-BBB8-4AD4-88F0-838E2AC522BB}.Release|x64.ActiveCfg = Release|x64
		{C5AD8CD8-BBB8-4AD4-88F0-838E2AC522BB}.Release|x64.Build.0 = Release|x64
		{C5AD8CD8-BBB8-4AD4-88F0-838E2AC522BB}.Release|x86.ActiveCfg = Release|Win32
		{C5AD8CD8-BBB8-4AD4-88F0-838E2AC522BB}.Release|x86.Build.0 = Release|Win32
		{094FEC27-884A-4FA1-8D57-5E7BBD5A8710}.Debug|x64.ActiveCfg = Debug|x64
		{094FEC27-884A-4FA1-8D57-5E7BBD5A8710}.Debug|x64.Build.0 = Debug|x64
		{094FEC27-884A-4FA1-8D57-5E7BBD5A8710}.Debug|x86.ActiveCfg = Debug|Win32
		{094FEC27-884A-4FA1-8D57-5E7BBD5A8710}.Debug|x86.Build.0 = Debug|Win32
		{094FEC27-884A-4FA1-8D57-5E7BBD5A8710}.Release|x64.ActiveCfg = Release|x64
		{094FEC27-884A-4FA1-8D57-5E7BBD5A8710}.Release|x64.Build.0 = Release|x64
		{094FEC27-884A-4FA1-8D57-5E7BBD5A8710}.Release|x86.ActiveCfg = Release|Win32
		{094FEC27-884A-4FA1-8D57-5E7BBD5A8710}.Release|x86.Build.0 = Release|Win32
		{1CB155E2-38C5-4A08-B14F-BA46BC022B2F}.Debug|x64.ActiveCfg = Debug|x64
		{1CB155E2-38C5-4A08-B14F-BA46BC022B2F}.Debug|x64.Build.0 = Debug|x64
		{1CB155E2-38C5-4A08-B14F-BA46BC022B2F}.Debug|x86.ActiveCfg = Debug|Win32
		{1CB155E2-38C5-4A08-B14F-BA46BC022B2F}.Debug|x86.Build.0 = Debug|Win32
		{1CB155E2-38C5-4A08-B14F-BA46BC022B2F}.Release|x64.ActiveCfg = Release|x64
		{1CB155E2-38C5-4A08-B14F-BA46BC022B2F}.Release|x64.Build.0 = Release|x64
		{1CB155E2-38C5-4A08-B14F-BA46BC022B2F}.Release|x86.ActiveCfg = Release|Win32
		{1CB155E2-38C5-4A08-B14F-BA46BC022B2F}.Release|x86.Build.0 = Release|Win32
		{CFC304E5-34EC-4EA5-B1C8-F223E8BD31DF}.Debug|x64.ActiveCfg = Debug|x64
		{CFC304E5-34EC-4EA5-B1C8-F223E8BD31DF}.Debug|x64.Build.0 = Debug|x64
		{CFC304E5-34EC-4EA5-B1C8-F223E8BD31DF}.Debug|x86.ActiveCfg = Debug|Win32
		{CFC304E5-34EC-4EA5-B1C8-F223E8BD31DF}.Debug|x86.Build.0 = Debug|Win32
		{CFC304E5-34EC-4EA5-B1C8-F223E8BD31DF}.Release|x64.ActiveCfg = Release|x64
		{CFC304E5-34EC-4EA5-B1C8-F223E8BD31DF}.Release|x64.Build.0 = Release|x64
		{CFC304E5-34EC-4EA5-B1C8-F223E8BD31DF}.Release|x86.ActiveCfg = Release|Win32
		{CFC304E5-34EC-4EA5-B1C8-F223E8BD31DF}.Release|x86.Build.0 = Release|Win32
	EndGlobalSection
	GlobalSection(SolutionProperties) = preSolution
		HideSolutionNode = FALSE
	EndGlobalSection
	GlobalSection(NestedProjects) = preSolution
		{33D4DB7F-F758-4710-9432-F22126D6CF9F} = {688F1610-F70D-483F-A892-677A178E5F5C}
		{C5AD8CD8-BBB8-4AD4-88F0-838E2AC522BB} = {20A66410-B801-433E-891C-9B7EEA7A7212}
		{094FEC27-884A-4FA1-8D57-5E7BBD5A8710} = {688F1610-F70D-483F-A892-677A178E5F5C}
		{1CB155E2-38C5-4A08-B14F-BA46BC022B2F} = {20A66410-B801-433E-891C-9B7EEA7A7212}
		{CFC304E5-34EC-4EA5-B1C8-F223E8BD31DF} = {20A66410-B801-433E-891C-9B7EEA7A7212}
	EndGlobalSection
EndGlobal
